
Microsoft Visual Studio Solution File, Format Version 12.00
# Visual Studio 15
VisualStudioVersion = 15.0.28307.1169
MinimumVisualStudioVersion = 10.0.40219.1
Project("{8BC9CEB8-8B4A-11D0-8D11-00A0C91BC942}") = "MineSweeper", "MineSweeper\MineSweeper.vcxproj", "{7537F57B-6DF0-46F9-97C8-DFDA5D696193}"
EndProject
Global
	GlobalSection(SolutionConfigurationPlatforms) = preSolution
		Debug|x64 = Debug|x64
		Debug|x86 = Debug|x86
		Release|x64 = Release|x64
		Release|x86 = Release|x86
	EndGlobalSection
	GlobalSection(ProjectConfigurationPlatforms) = postSolution
		{7537F57B-6DF0-46F9-97C8-DFDA5D696193}.Debug|x64.ActiveCfg = Debug|x64
		{7537F57B-6DF0-46F9-97C8-DFDA5D696193}.Debug|x64.Build.0 = Debug|x64
		{7537F57B-6DF0-46F9-97C8-DFDA5D696193}.Debug|x86.ActiveCfg = Debug|Win32
		{7537F57B-6DF0-46F9-97C8-DFDA5D696193}.Debug|x86.Build.0 = Debug|Win32
		{7537F57B-6DF0-46F9-97C8-DFDA5D696193}.Release|x64.ActiveCfg = Release|x64
		{7537F57B-6DF0-46F9-97C8-DFDA5D696193}.Release|x64.Build.0 = Release|x64
		{7537F57B-6DF0-46F9-97C8-DFDA5D696193}.Release|x86.ActiveCfg = Release|Win32
		{7537F57B-6DF0-46F9-97C8-DFDA5D696193}.Release|x86.Build.0 = Release|Win32
	EndGlobalSection
	GlobalSection(SolutionProperties) = preSolution
		HideSolutionNode = FALSE
	EndGlobalSection
	GlobalSection(ExtensibilityGlobals) = postSolution
		SolutionGuid = {A378DE73-A7D3-4B5B-919A-2C1B211F8C1C}
	EndGlobalSection
EndGlobal
